
Microsoft Visual Studio Solution File, Format Version 12.00
# Visual Studio Version 17
VisualStudioVersion = 17.4.33213.308
MinimumVisualStudioVersion = 10.0.40219.1
Project("{FAE04EC0-301F-11D3-BF4B-00C04F79EFBC}") = "Singleton", "Singleton\Singleton.csproj", "{63AF1E70-1C2C-44C0-B5CB-4C9CF98F7D72}"
EndProject
Global
	GlobalSection(SolutionConfigurationPlatforms) = preSolution
		Debug|Any CPU = Debug|Any CPU
		Release|Any CPU = Release|Any CPU
	EndGlobalSection
	GlobalSection(ProjectConfigurationPlatforms) = postSolution
		{63AF1E70-1C2C-44C0-B5CB-4C9CF98F7D72}.Debug|Any CPU.ActiveCfg = Debug|Any CPU
		{63AF1E70-1C2C-44C0-B5CB-4C9CF98F7D72}.Debug|Any CPU.Build.0 = Debug|Any CPU
		{63AF1E70-1C2C-44C0-B5CB-4C9CF98F7D72}.Release|Any CPU.ActiveCfg = Release|Any CPU
		{63AF1E70-1C2C-44C0-B5CB-4C9CF98F7D72}.Release|Any CPU.Build.0 = Release|Any CPU
	EndGlobalSection
	GlobalSection(SolutionProperties) = preSolution
		HideSolutionNode = FALSE
	EndGlobalSection
	GlobalSection(ExtensibilityGlobals) = postSolution
		SolutionGuid = {D1F255DF-9A57-42EA-820C-80298B194AC5}
	EndGlobalSection
EndGlobal
